// !$*UTF8*$!
{
	archiveVersion = 1;
	classes = {
	};
	objectVersion = 46;
	objects = {

/* Begin PBXBuildFile section */
		06493E341A06767A005C3017 /* main.m in Sources */ = {isa = PBXBuildFile; fileRef = 06493E331A06767A005C3017 /* main.m */; };
		06493E371A06767A005C3017 /* AppDelegate.m in Sources */ = {isa = PBXBuildFile; fileRef = 06493E361A06767A005C3017 /* AppDelegate.m */; };
		06493E3A1A06767A005C3017 /* GameScene.m in Sources */ = {isa = PBXBuildFile; fileRef = 06493E391A06767A005C3017 /* GameScene.m */; };
		06493E3C1A06767A005C3017 /* GameScene.sks in Resources */ = {isa = PBXBuildFile; fileRef = 06493E3B1A06767A005C3017 /* GameScene.sks */; };
		06493E3F1A06767A005C3017 /* GameViewController.m in Sources */ = {isa = PBXBuildFile; fileRef = 06493E3E1A06767A005C3017 /* GameViewController.m */; };
		06493E421A06767A005C3017 /* Main.storyboard in Resources */ = {isa = PBXBuildFile; fileRef = 06493E401A06767A005C3017 /* Main.storyboard */; };
		06493E441A06767A005C3017 /* Images.xcassets in Resources */ = {isa = PBXBuildFile; fileRef = 06493E431A06767A005C3017 /* Images.xcassets */; };
		06493E471A06767A005C3017 /* LaunchScreen.xib in Resources */ = {isa = PBXBuildFile; fileRef = 06493E451A06767A005C3017 /* LaunchScreen.xib */; };
		06493E531A06767A005C3017 /* NinjaRunnerTests.m in Sources */ = {isa = PBXBuildFile; fileRef = 06493E521A06767A005C3017 /* NinjaRunnerTests.m */; };
/* End PBXBuildFile section */

/* Begin PBXContainerItemProxy section */
		06493E4D1A06767A005C3017 /* PBXContainerItemProxy */ = {
			isa = PBXContainerItemProxy;
			containerPortal = 06493E261A06767A005C3017 /* Project object */;
			proxyType = 1;
			remoteGlobalIDString = 06493E2D1A06767A005C3017;
			remoteInfo = NinjaRunner;
		};
/* End PBXContainerItemProxy section */

/* Begin PBXFileReference section */
		06493E2E1A06767A005C3017 /* NinjaRunner.app */ = {isa = PBXFileReference; explicitFileType = wrapper.application; includeInIndex = 0; path = NinjaRunner.app; sourceTree = BUILT_PRODUCTS_DIR; };
		06493E321A06767A005C3017 /* Info.plist */ = {isa = PBXFileReference; lastKnownFileType = text.plist.xml; path = Info.plist; sourceTree = "<group>"; };
		06493E331A06767A005C3017 /* main.m */ = {isa = PBXFileReference; lastKnownFileType = sourcecode.c.objc; path = main.m; sourceTree = "<group>"; };
		06493E351A06767A005C3017 /* AppDelegate.h */ = {isa = PBXFileReference; lastKnownFileType = sourcecode.c.h; path = AppDelegate.h; sourceTree = "<group>"; };
		06493E361A06767A005C3017 /* AppDelegate.m */ = {isa = PBXFileReference; lastKnownFileType = sourcecode.c.objc; path = AppDelegate.m; sourceTree = "<group>"; };
		06493E381A06767A005C3017 /* GameScene.h */ = {isa = PBXFileReference; lastKnownFileType = sourcecode.c.h; path = GameScene.h; sourceTree = "<group>"; };
		06493E391A06767A005C3017 /* GameScene.m */ = {isa = PBXFileReference; lastKnownFileType = sourcecode.c.objc; path = GameScene.m; sourceTree = "<group>"; };
		06493E3B1A06767A005C3017 /* GameScene.sks */ = {isa = PBXFileReference; lastKnownFileType = file.sks; path = GameScene.sks; sourceTree = "<group>"; };
		06493E3D1A06767A005C3017 /* GameViewController.h */ = {isa = PBXFileReference; lastKnownFileType = sourcecode.c.h; path = GameViewController.h; sourceTree = "<group>"; };
		06493E3E1A06767A005C3017 /* GameViewController.m */ = {isa = PBXFileReference; lastKnownFileType = sourcecode.c.objc; path = GameViewController.m; sourceTree = "<group>"; };
		06493E411A06767A005C3017 /* Base */ = {isa = PBXFileReference; lastKnownFileType = file.storyboard; name = Base; path = Base.lproj/Main.storyboard; sourceTree = "<group>"; };
		06493E431A06767A005C3017 /* Images.xcassets */ = {isa = PBXFileReference; lastKnownFileType = folder.assetcatalog; path = Images.xcassets; sourceTree = "<group>"; };
		06493E461A06767A005C3017 /* Base */ = {isa = PBXFileReference; lastKnownFileType = file.xib; name = Base; path = Base.lproj/LaunchScreen.xib; sourceTree = "<group>"; };
		06493E4C1A06767A005C3017 /* NinjaRunnerTests.xctest */ = {isa = PBXFileReference; explicitFileType = wrapper.cfbundle; includeInIndex = 0; path = NinjaRunnerTests.xctest; sourceTree = BUILT_PRODUCTS_DIR; };
		06493E511A06767A005C3017 /* Info.plist */ = {isa = PBXFileReference; lastKnownFileType = text.plist.xml; path = Info.plist; sourceTree = "<group>"; };
		06493E521A06767A005C3017 /* NinjaRunnerTests.m */ = {isa = PBXFileReference; lastKnownFileType = sourcecode.c.objc; path = NinjaRunnerTests.m; sourceTree = "<group>"; };
/* End PBXFileReference section */

/* Begin PBXFrameworksBuildPhase section */
		06493E2B1A06767A005C3017 /* Frameworks */ = {
			isa = PBXFrameworksBuildPhase;
			buildActionMask = 2147483647;
			files = (
			);
			runOnlyForDeploymentPostprocessing = 0;
		};
		06493E491A06767A005C3017 /* Frameworks */ = {
			isa = PBXFrameworksBuildPhase;
			buildActionMask = 2147483647;
			files = (
			);
			runOnlyForDeploymentPostprocessing = 0;
		};
/* End PBXFrameworksBuildPhase section */

/* Begin PBXGroup section */
		06493E251A06767A005C3017 = {
			isa = PBXGroup;
			children = (
				06493E301A06767A005C3017 /* NinjaRunner */,
				06493E4F1A06767A005C3017 /* NinjaRunnerTests */,
				06493E2F1A06767A005C3017 /* Products */,
			);
			sourceTree = "<group>";
		};
		06493E2F1A06767A005C3017 /* Products */ = {
			isa = PBXGroup;
			children = (
				06493E2E1A06767A005C3017 /* NinjaRunner.app */,
				06493E4C1A06767A005C3017 /* NinjaRunnerTests.xctest */,
			);
			name = Products;
			sourceTree = "<group>";
		};
		06493E301A06767A005C3017 /* NinjaRunner */ = {
			isa = PBXGroup;
			children = (
				06493E351A06767A005C3017 /* AppDelegate.h */,
				06493E361A06767A005C3017 /* AppDelegate.m */,
				06493E381A06767A005C3017 /* GameScene.h */,
				06493E391A06767A005C3017 /* GameScene.m */,
				06493E3B1A06767A005C3017 /* GameScene.sks */,
				06493E3D1A06767A005C3017 /* GameViewController.h */,
				06493E3E1A06767A005C3017 /* GameViewController.m */,
				06493E401A06767A005C3017 /* Main.storyboard */,
				06493E431A06767A005C3017 /* Images.xcassets */,
				06493E451A06767A005C3017 /* LaunchScreen.xib */,
				06493E311A06767A005C3017 /* Supporting Files */,
			);
			path = NinjaRunner;
			sourceTree = "<group>";
		};
		06493E311A06767A005C3017 /* Supporting Files */ = {
			isa = PBXGroup;
			children = (
				06493E321A06767A005C3017 /* Info.plist */,
				06493E331A06767A005C3017 /* main.m */,
			);
			name = "Supporting Files";
			sourceTree = "<group>";
		};
		06493E4F1A06767A005C3017 /* NinjaRunnerTests */ = {
			isa = PBXGroup;
			children = (
				06493E521A06767A005C3017 /* NinjaRunnerTests.m */,
				06493E501A06767A005C3017 /* Supporting Files */,
			);
			path = NinjaRunnerTests;
			sourceTree = "<group>";
		};
		06493E501A06767A005C3017 /* Supporting Files */ = {
			isa = PBXGroup;
			children = (
				06493E511A06767A005C3017 /* Info.plist */,
			);
			name = "Supporting Files";
			sourceTree = "<group>";
		};
/* End PBXGroup section */

/* Begin PBXNativeTarget section */
		06493E2D1A06767A005C3017 /* NinjaRunner */ = {
			isa = PBXNativeTarget;
			buildConfigurationList = 06493E561A06767A005C3017 /* Build configuration list for PBXNativeTarget "NinjaRunner" */;
			buildPhases = (
				06493E2A1A06767A005C3017 /* Sources */,
				06493E2B1A06767A005C3017 /* Frameworks */,
				06493E2C1A06767A005C3017 /* Resources */,
			);
			buildRules = (
			);
			dependencies = (
			);
			name = NinjaRunner;
			productName = NinjaRunner;
			productReference = 06493E2E1A06767A005C3017 /* NinjaRunner.app */;
			productType = "com.apple.product-type.application";
		};
		06493E4B1A06767A005C3017 /* NinjaRunnerTests */ = {
			isa = PBXNativeTarget;
			buildConfigurationList = 06493E591A06767A005C3017 /* Build configuration list for PBXNativeTarget "NinjaRunnerTests" */;
			buildPhases = (
				06493E481A06767A005C3017 /* Sources */,
				06493E491A06767A005C3017 /* Frameworks */,
				06493E4A1A06767A005C3017 /* Resources */,
			);
			buildRules = (
			);
			dependencies = (
				06493E4E1A06767A005C3017 /* PBXTargetDependency */,
			);
			name = NinjaRunnerTests;
			productName = NinjaRunnerTests;
			productReference = 06493E4C1A06767A005C3017 /* NinjaRunnerTests.xctest */;
			productType = "com.apple.product-type.bundle.unit-test";
		};
/* End PBXNativeTarget section */

/* Begin PBXProject section */
		06493E261A06767A005C3017 /* Project object */ = {
			isa = PBXProject;
			attributes = {
				LastUpgradeCheck = 0610;
				ORGANIZATIONNAME = telerik;
				TargetAttributes = {
					06493E2D1A06767A005C3017 = {
						CreatedOnToolsVersion = 6.1;
					};
					06493E4B1A06767A005C3017 = {
						CreatedOnToolsVersion = 6.1;
						TestTargetID = 06493E2D1A06767A005C3017;
					};
				};
			};
			buildConfigurationList = 06493E291A06767A005C3017 /* Build configuration list for PBXProject "NinjaRunner" */;
			compatibilityVersion = "Xcode 3.2";
			developmentRegion = English;
			hasScannedForEncodings = 0;
			knownRegions = (
				en,
				Base,
			);
			mainGroup = 06493E251A06767A005C3017;
			productRefGroup = 06493E2F1A06767A005C3017 /* Products */;
			projectDirPath = "";
			projectRoot = "";
			targets = (
				06493E2D1A06767A005C3017 /* NinjaRunner */,
				06493E4B1A06767A005C3017 /* NinjaRunnerTests */,
			);
		};
/* End PBXProject section */

/* Begin PBXResourcesBuildPhase section */
		06493E2C1A06767A005C3017 /* Resources */ = {
			isa = PBXResourcesBuildPhase;
			buildActionMask = 2147483647;
			files = (
				06493E471A06767A005C3017 /* LaunchScreen.xib in Resources */,
				06493E441A06767A005C3017 /* Images.xcassets in Resources */,
				06493E3C1A06767A005C3017 /* GameScene.sks in Resources */,
				06493E421A06767A005C3017 /* Main.storyboard in Resources */,
			);
			runOnlyForDeploymentPostprocessing = 0;
		};
		06493E4A1A06767A005C3017 /* Resources */ = {
			isa = PBXResourcesBuildPhase;
			buildActionMask = 2147483647;
			files = (
			);
			runOnlyForDeploymentPostprocessing = 0;
		};
/* End PBXResourcesBuildPhase section */

/* Begin PBXSourcesBuildPhase section */
		06493E2A1A06767A005C3017 /* Sources */ = {
			isa = PBXSourcesBuildPhase;
			buildActionMask = 2147483647;
			files = (
				06493E3F1A06767A005C3017 /* GameViewController.m in Sources */,
				06493E371A06767A005C3017 /* AppDelegate.m in Sources */,
				06493E3A1A06767A005C3017 /* GameScene.m in Sources */,
				06493E341A06767A005C3017 /* main.m in Sources */,
			);
			runOnlyForDeploymentPostprocessing = 0;
		};
		06493E481A06767A005C3017 /* Sources */ = {
			isa = PBXSourcesBuildPhase;
			buildActionMask = 2147483647;
			files = (
				06493E531A06767A005C3017 /* NinjaRunnerTests.m in Sources */,
			);
			runOnlyForDeploymentPostprocessing = 0;
		};
/* End PBXSourcesBuildPhase section */

/* Begin PBXTargetDependency section */
		06493E4E1A06767A005C3017 /* PBXTargetDependency */ = {
			isa = PBXTargetDependency;
			target = 06493E2D1A06767A005C3017 /* NinjaRunner */;
			targetProxy = 06493E4D1A06767A005C3017 /* PBXContainerItemProxy */;
		};
/* End PBXTargetDependency section */

/* Begin PBXVariantGroup section */
		06493E401A06767A005C3017 /* Main.storyboard */ = {
			isa = PBXVariantGroup;
			children = (
				06493E411A06767A005C3017 /* Base */,
			);
			name = Main.storyboard;
			sourceTree = "<group>";
		};
		06493E451A06767A005C3017 /* LaunchScreen.xib */ = {
			isa = PBXVariantGroup;
			children = (
				06493E461A06767A005C3017 /* Base */,
			);
			name = LaunchScreen.xib;
			sourceTree = "<group>";
		};
/* End PBXVariantGroup section */

/* Begin XCBuildConfiguration section */
		06493E541A06767A005C3017 /* Debug */ = {
			isa = XCBuildConfiguration;
			buildSettings = {
				ALWAYS_SEARCH_USER_PATHS = NO;
				CLANG_CXX_LANGUAGE_STANDARD = "gnu++0x";
				CLANG_CXX_LIBRARY = "libc++";
				CLANG_ENABLE_MODULES = YES;
				CLANG_ENABLE_OBJC_ARC = YES;
				CLANG_WARN_BOOL_CONVERSION = YES;
				CLANG_WARN_CONSTANT_CONVERSION = YES;
				CLANG_WARN_DIRECT_OBJC_ISA_USAGE = YES_ERROR;
				CLANG_WARN_EMPTY_BODY = YES;
				CLANG_WARN_ENUM_CONVERSION = YES;
				CLANG_WARN_INT_CONVERSION = YES;
				CLANG_WARN_OBJC_ROOT_CLASS = YES_ERROR;
				CLANG_WARN_UNREACHABLE_CODE = YES;
				CLANG_WARN__DUPLICATE_METHOD_MATCH = YES;
				"CODE_SIGN_IDENTITY[sdk=iphoneos*]" = "iPhone Developer";
				COPY_PHASE_STRIP = NO;
				ENABLE_STRICT_OBJC_MSGSEND = YES;
				GCC_C_LANGUAGE_STANDARD = gnu99;
				GCC_DYNAMIC_NO_PIC = NO;
				GCC_OPTIMIZATION_LEVEL = 0;
				GCC_PREPROCESSOR_DEFINITIONS = (
					"DEBUG=1",
					"$(inherited)",
				);
				GCC_SYMBOLS_PRIVATE_EXTERN = NO;
				GCC_WARN_64_TO_32_BIT_CONVERSION = YES;
				GCC_WARN_ABOUT_RETURN_TYPE = YES_ERROR;
				GCC_WARN_UNDECLARED_SELECTOR = YES;
				GCC_WARN_UNINITIALIZED_AUTOS = YES_AGGRESSIVE;
				GCC_WARN_UNUSED_FUNCTION = YES;
				GCC_WARN_UNUSED_VARIABLE = YES;
				IPHONEOS_DEPLOYMENT_TARGET = 8.1;
				MTL_ENABLE_DEBUG_INFO = YES;
				ONLY_ACTIVE_ARCH = YES;
				SDKROOT = iphoneos;
				TARGETED_DEVICE_FAMILY = "1,2";
			};
			name = Debug;
		};
		06493E551A06767A005C3017 /* Release */ = {
			isa = XCBuildConfiguration;
			buildSettings = {
				ALWAYS_SEARCH_USER_PATHS = NO;
				CLANG_CXX_LANGUAGE_STANDARD = "gnu++0x";
				CLANG_CXX_LIBRARY = "libc++";
				CLANG_ENABLE_MODULES = YES;
				CLANG_ENABLE_OBJC_ARC = YES;
				CLANG_WARN_BOOL_CONVERSION = YES;
				CLANG_WARN_CONSTANT_CONVERSION = YES;
				CLANG_WARN_DIRECT_OBJC_ISA_USAGE = YES_ERROR;
				CLANG_WARN_EMPTY_BODY = YES;
				CLANG_WARN_ENUM_CONVERSION = YES;
				CLANG_WARN_INT_CONVERSION = YES;
				CLANG_WARN_OBJC_ROOT_CLASS = YES_ERROR;
				CLANG_WARN_UNREACHABLE_CODE = YES;
				CLANG_WARN__DUPLICATE_METHOD_MATCH = YES;
				"CODE_SIGN_IDENTITY[sdk=iphoneos*]" = "iPhone Developer";
				COPY_PHASE_STRIP = YES;
				ENABLE_NS_ASSERTIONS = NO;
				ENABLE_STRICT_OBJC_MSGSEND = YES;
				GCC_C_LANGUAGE_STANDARD = gnu99;
				GCC_WARN_64_TO_32_BIT_CONVERSION = YES;
				GCC_WARN_ABOUT_RETURN_TYPE = YES_ERROR;
				GCC_WARN_UNDECLARED_SELECTOR = YES;
				GCC_WARN_UNINITIALIZED_AUTOS = YES_AGGRESSIVE;
				GCC_WARN_UNUSED_FUNCTION = YES;
				GCC_WARN_UNUSED_VARIABLE = YES;
				IPHONEOS_DEPLOYMENT_TARGET = 8.1;
				MTL_ENABLE_DEBUG_INFO = NO;
				SDKROOT = iphoneos;
				TARGETED_DEVICE_FAMILY = "1,2";
				VALIDATE_PRODUCT = YES;
			};
			name = Release;
		};
		06493E571A06767A005C3017 /* Debug */ = {
			isa = XCBuildConfiguration;
			buildSettings = {
				ASSETCATALOG_COMPILER_APPICON_NAME = AppIcon;
				INFOPLIST_FILE = NinjaRunner/Info.plist;
				LD_RUNPATH_SEARCH_PATHS = "$(inherited) @executable_path/Frameworks";
				PRODUCT_NAME = "$(TARGET_NAME)";
			};
			name = Debug;
		};
		06493E581A06767A005C3017 /* Release */ = {
			isa = XCBuildConfiguration;
			buildSettings = {
				ASSETCATALOG_COMPILER_APPICON_NAME = AppIcon;
				INFOPLIST_FILE = NinjaRunner/Info.plist;
				LD_RUNPATH_SEARCH_PATHS = "$(inherited) @executable_path/Frameworks";
				PRODUCT_NAME = "$(TARGET_NAME)";
			};
			name = Release;
		};
		06493E5A1A06767A005C3017 /* Debug */ = {
			isa = XCBuildConfiguration;
			buildSettings = {
				BUNDLE_LOADER = "$(TEST_HOST)";
				FRAMEWORK_SEARCH_PATHS = (
					"$(SDKROOT)/Developer/Library/Frameworks",
					"$(inherited)",
				);
				GCC_PREPROCESSOR_DEFINITIONS = (
					"DEBUG=1",
					"$(inherited)",
				);
				INFOPLIST_FILE = NinjaRunnerTests/Info.plist;
				LD_RUNPATH_SEARCH_PATHS = "$(inherited) @executable_path/Frameworks @loader_path/Frameworks";
				PRODUCT_NAME = "$(TARGET_NAME)";
				TEST_HOST = "$(BUILT_PRODUCTS_DIR)/NinjaRunner.app/NinjaRunner";
			};
			name = Debug;
		};
		06493E5B1A06767A005C3017 /* Release */ = {
			isa = XCBuildConfiguration;
			buildSettings = {
				BUNDLE_LOADER = "$(TEST_HOST)";
				FRAMEWORK_SEARCH_PATHS = (
					"$(SDKROOT)/Developer/Library/Frameworks",
					"$(inherited)",
				);
				INFOPLIST_FILE = NinjaRunnerTests/Info.plist;
				LD_RUNPATH_SEARCH_PATHS = "$(inherited) @executable_path/Frameworks @loader_path/Frameworks";
				PRODUCT_NAME = "$(TARGET_NAME)";
				TEST_HOST = "$(BUILT_PRODUCTS_DIR)/NinjaRunner.app/NinjaRunner";
			};
			name = Release;
		};
/* End XCBuildConfiguration section */

/* Begin XCConfigurationList section */
		06493E291A06767A005C3017 /* Build configuration list for PBXProject "NinjaRunner" */ = {
			isa = XCConfigurationList;
			buildConfigurations = (
				06493E541A06767A005C3017 /* Debug */,
				06493E551A06767A005C3017 /* Release */,
			);
			defaultConfigurationIsVisible = 0;
			defaultConfigurationName = Release;
		};
		06493E561A06767A005C3017 /* Build configuration list for PBXNativeTarget "NinjaRunner" */ = {
			isa = XCConfigurationList;
			buildConfigurations = (
				06493E571A06767A005C3017 /* Debug */,
				06493E581A06767A005C3017 /* Release */,
			);
			defaultConfigurationIsVisible = 0;
		};
		06493E591A06767A005C3017 /* Build configuration list for PBXNativeTarget "NinjaRunnerTests" */ = {
			isa = XCConfigurationList;
			buildConfigurations = (
				06493E5A1A06767A005C3017 /* Debug */,
				06493E5B1A06767A005C3017 /* Release */,
			);
			defaultConfigurationIsVisible = 0;
		};
/* End XCConfigurationList section */
	};
	rootObject = 06493E261A06767A005C3017 /* Project object */;
}
